
Microsoft Visual Studio Solution File, Format Version 11.00
# Visual Studio 2010
Project("{8BC9CEB8-8B4A-11D0-8D11-00A0C91BC942}") = "10개의 소수 출력", "10개의 소수 출력\10개의 소수 출력.vcxproj", "{B3485328-BF9A-49FE-A5E9-F43401DFFCED}"
EndProject
Project("{8BC9CEB8-8B4A-11D0-8D11-00A0C91BC942}") = "2의 몇승", "2의 몇승\2의 몇승.vcxproj", "{3034D4B4-5DFE-4AE2-9A3A-1F62E006B355}"
EndProject
Project("{8BC9CEB8-8B4A-11D0-8D11-00A0C91BC942}") = "5단위마다 합", "5단위마다 합\5단위마다 합.vcxproj", "{47E2A683-B9F4-43B0-97D6-30A7EFB8EA77}"
EndProject
Project("{8BC9CEB8-8B4A-11D0-8D11-00A0C91BC942}") = "사이클 숫자 출력하기", "사이클 숫자 출력하기\사이클 숫자 출력하기.vcxproj", "{21640975-3955-4364-AB10-4902A5937EBA}"
EndProject
Project("{8BC9CEB8-8B4A-11D0-8D11-00A0C91BC942}") = "사이클 숫자 출력하기(재귀)", "사이클 숫자 출력하기(재귀)\사이클 숫자 출력하기(재귀).vcxproj", "{EF66085D-EA5E-4498-9283-E2EE3E3188D3}"
EndProject
Project("{8BC9CEB8-8B4A-11D0-8D11-00A0C91BC942}") = "메르센소수", "메르센소수\메르센소수.vcxproj", "{EE445C1E-6F26-44F4-AFA6-1C3C6E508B3B}"
EndProject
Project("{8BC9CEB8-8B4A-11D0-8D11-00A0C91BC942}") = "피보나치수열", "피보나치수열\피보나치수열.vcxproj", "{3442C8B1-0F96-4006-B7DB-BF71902A8925}"
EndProject
Project("{8BC9CEB8-8B4A-11D0-8D11-00A0C91BC942}") = "피보나치수열(재귀)", "피보나치수열(재귀)\피보나치수열(재귀).vcxproj", "{F34A0E1B-E91F-401D-9A5A-30117ED84CA0}"
EndProject
Project("{8BC9CEB8-8B4A-11D0-8D11-00A0C91BC942}") = "7일간의 수입", "7일간의 수입\7일간의 수입.vcxproj", "{9C0C0BB6-8C69-4B9F-85EF-68D1B44F5571}"
EndProject
Project("{8BC9CEB8-8B4A-11D0-8D11-00A0C91BC942}") = "수입 탐색", "수입 탐색\수입 탐색.vcxproj", "{C0328DED-35DB-4BE2-B1E7-A61BEA094BB0}"
EndProject
Project("{8BC9CEB8-8B4A-11D0-8D11-00A0C91BC942}") = "홀짝배열", "홀짝배열\홀짝배열.vcxproj", "{CDA8376A-69D0-47A0-A902-F4C399BDDE4A}"
EndProject
Project("{8BC9CEB8-8B4A-11D0-8D11-00A0C91BC942}") = "2진수 표현", "2진수 표현\2진수 표현.vcxproj", "{E6AB5877-1F1D-41D8-A951-31ABA455E49C}"
EndProject
Project("{8BC9CEB8-8B4A-11D0-8D11-00A0C91BC942}") = "대문자만 출력", "대문자만 출력\대문자만 출력.vcxproj", "{EFA41719-5D4F-414F-BEA7-FDBB4832D0BF}"
EndProject
Project("{8BC9CEB8-8B4A-11D0-8D11-00A0C91BC942}") = "두 단어 비교", "두 단어 비교\두 단어 비교.vcxproj", "{FF52C76F-8536-4BDF-9628-4DC56D946872}"
EndProject
Project("{8BC9CEB8-8B4A-11D0-8D11-00A0C91BC942}") = "문자열 속 수의 합", "문자열 속 수의 합\문자열 속 수의 합.vcxproj", "{A827085F-8043-4F3A-AE6A-A4313B60B2B8}"
EndProject
Project("{8BC9CEB8-8B4A-11D0-8D11-00A0C91BC942}") = "모음 갯수", "모음 갯수\모음 갯수.vcxproj", "{9DD34C7B-1A03-4E3E-B9EB-E6E08A86B220}"
EndProject
Project("{8BC9CEB8-8B4A-11D0-8D11-00A0C91BC942}") = "Palindrome 판별", "Palindrome 판별\Palindrome 판별.vcxproj", "{FE4332B3-E1E4-4327-BC2E-520CE57D2ABF}"
EndProject
Project("{8BC9CEB8-8B4A-11D0-8D11-00A0C91BC942}") = "같은배열 생성", "같은배열 생성\같은배열 생성.vcxproj", "{94EC9A50-F03C-4CB4-9B4A-824A5353308A}"
EndProject
Project("{8BC9CEB8-8B4A-11D0-8D11-00A0C91BC942}") = "숫자 갯수", "숫자 갯수\숫자 갯수.vcxproj", "{20AA376C-C824-495C-B51C-15D2398DAB4C}"
EndProject
Project("{8BC9CEB8-8B4A-11D0-8D11-00A0C91BC942}") = "거스름돈 계산", "거스름돈 계산\거스름돈 계산.vcxproj", "{087CE0E6-CF5D-4FE6-A3C5-FD1CB8BFD286}"
EndProject
Project("{8BC9CEB8-8B4A-11D0-8D11-00A0C91BC942}") = "배열 안 최대,최소값", "배열 안 최대,최소값\배열 안 최대,최소값.vcxproj", "{280A755B-56BF-4D19-9C51-2B4A942EBCEC}"
EndProject
Project("{8BC9CEB8-8B4A-11D0-8D11-00A0C91BC942}") = "난수 정렬", "난수 정렬\난수 정렬.vcxproj", "{4E0FC863-52C5-4446-B289-EDB92EB460B2}"
EndProject
Project("{8BC9CEB8-8B4A-11D0-8D11-00A0C91BC942}") = "대문자,소문자 체인지", "대문자,소문자 체인지\대문자,소문자 체인지.vcxproj", "{FC0ADDA4-0DA7-43F1-974F-74D01ED4007D}"
EndProject
Project("{8BC9CEB8-8B4A-11D0-8D11-00A0C91BC942}") = "2차원 배열연습", "2차원 배열연습\2차원 배열연습.vcxproj", "{16BD6720-6D41-4642-AB5F-D094182D2717}"
EndProject
Project("{8BC9CEB8-8B4A-11D0-8D11-00A0C91BC942}") = "2차원 배열-구구단", "2차원 배열-구구단\2차원 배열-구구단.vcxproj", "{F9CB3A45-461F-488C-9A16-2550DFAB821D}"
EndProject
Project("{8BC9CEB8-8B4A-11D0-8D11-00A0C91BC942}") = "모양이 다른 배열", "모양이 다른 배열\모양이 다른 배열.vcxproj", "{701C6885-CBEF-410D-953C-C177E4E49E76}"
EndProject
Project("{8BC9CEB8-8B4A-11D0-8D11-00A0C91BC942}") = "2차원 배열-고사별 총점", "2차원 배열-고사별 총점\2차원 배열-고사별 총점.vcxproj", "{DF9E9EAA-B1D4-4ED8-86F2-88C889FF8C47}"
EndProject
Project("{8BC9CEB8-8B4A-11D0-8D11-00A0C91BC942}") = "2차원 배열-난수", "2차원 배열-난수\2차원 배열-난수.vcxproj", "{E5D4832F-900B-4B44-A724-AAEFEE20D429}"
EndProject
Project("{8BC9CEB8-8B4A-11D0-8D11-00A0C91BC942}") = "2차원 배열돌리기", "2차원 배열돌리기\2차원 배열돌리기.vcxproj", "{F21D1CE5-AA31-4031-86A1-C9742508B31E}"
EndProject
Project("{8BC9CEB8-8B4A-11D0-8D11-00A0C91BC942}") = "SNS(행렬곱)", "SNS(행렬곱)\SNS(행렬곱).vcxproj", "{7E60AC8C-C81F-457D-AA15-18902F884F82}"
EndProject
Project("{8BC9CEB8-8B4A-11D0-8D11-00A0C91BC942}") = "기차표 예매", "기차표 예매\기차표 예매.vcxproj", "{82DC38AE-03D4-4A6C-8AF1-BA647EE2BCD4}"
EndProject
Project("{8BC9CEB8-8B4A-11D0-8D11-00A0C91BC942}") = "집합-기초", "집합-기초\집합-기초.vcxproj", "{5B347246-7C6D-4FC4-B4BF-85D80F90E9AF}"
EndProject
Project("{8BC9CEB8-8B4A-11D0-8D11-00A0C91BC942}") = "집합-합.교.차", "집합-합.교.차\집합-합.교.차.vcxproj", "{A42A6259-2B1E-4B51-A426-127DFE29FA7C}"
EndProject
Project("{8BC9CEB8-8B4A-11D0-8D11-00A0C91BC942}") = "지뢰찾기", "지뢰찾기\지뢰찾기.vcxproj", "{D59B9565-9401-43BF-868F-F04CB09A16CF}"
EndProject
Project("{8BC9CEB8-8B4A-11D0-8D11-00A0C91BC942}") = "소문자 정렬과 접합", "소문자 정렬과 접합\소문자 정렬과 접합.vcxproj", "{1745A73F-8DF7-4521-957E-CF545492113F}"
EndProject
Project("{8BC9CEB8-8B4A-11D0-8D11-00A0C91BC942}") = "n2출력(재귀)", "n2출력(재귀)\n2출력(재귀).vcxproj", "{FA4DDB69-B7A9-4607-8440-61CD42CFAD3A}"
EndProject
Project("{8BC9CEB8-8B4A-11D0-8D11-00A0C91BC942}") = "2진수 표현(재귀)", "2진수 표현(재귀)\2진수 표현(재귀).vcxproj", "{3821CD55-4D09-4A34-A86A-F21B273CA69E}"
EndProject
Project("{8BC9CEB8-8B4A-11D0-8D11-00A0C91BC942}") = "문자열 속 문자, 숫자", "문자열 속 문자, 숫자\문자열 속 문자, 숫자.vcxproj", "{7974067C-8567-43CC-92BA-2FF97238C0CA}"
EndProject
Project("{8BC9CEB8-8B4A-11D0-8D11-00A0C91BC942}") = "문자열 속 문자, 숫자(포인터)", "문자열 속 문자, 숫자(포인터)\문자열 속 문자, 숫자(포인터).vcxproj", "{A0263D3F-268A-4DEB-A754-1E5EE835F087}"
EndProject
Project("{8BC9CEB8-8B4A-11D0-8D11-00A0C91BC942}") = "문자열 속 수의 합(재귀)", "문자열 속 수의 합(재귀)\문자열 속 수의 합(재귀).vcxproj", "{4F4CA388-5CBA-4937-8AFA-51BB22677DB6}"
EndProject
Project("{8BC9CEB8-8B4A-11D0-8D11-00A0C91BC942}") = "다음에 올 피보나치(재귀)", "다음에 올 피보나치(재귀)\다음에 올 피보나치(재귀).vcxproj", "{F11A45E0-F20D-48B2-8AA0-1593EA4336C6}"
EndProject
Global
	GlobalSection(SolutionConfigurationPlatforms) = preSolution
		Debug|Win32 = Debug|Win32
		Release|Win32 = Release|Win32
	EndGlobalSection
	GlobalSection(ProjectConfigurationPlatforms) = postSolution
		{B3485328-BF9A-49FE-A5E9-F43401DFFCED}.Debug|Win32.ActiveCfg = Debug|Win32
		{B3485328-BF9A-49FE-A5E9-F43401DFFCED}.Debug|Win32.Build.0 = Debug|Win32
		{B3485328-BF9A-49FE-A5E9-F43401DFFCED}.Release|Win32.ActiveCfg = Release|Win32
		{B3485328-BF9A-49FE-A5E9-F43401DFFCED}.Release|Win32.Build.0 = Release|Win32
		{3034D4B4-5DFE-4AE2-9A3A-1F62E006B355}.Debug|Win32.ActiveCfg = Debug|Win32
		{3034D4B4-5DFE-4AE2-9A3A-1F62E006B355}.Debug|Win32.Build.0 = Debug|Win32
		{3034D4B4-5DFE-4AE2-9A3A-1F62E006B355}.Release|Win32.ActiveCfg = Release|Win32
		{3034D4B4-5DFE-4AE2-9A3A-1F62E006B355}.Release|Win32.Build.0 = Release|Win32
		{47E2A683-B9F4-43B0-97D6-30A7EFB8EA77}.Debug|Win32.ActiveCfg = Debug|Win32
		{47E2A683-B9F4-43B0-97D6-30A7EFB8EA77}.Debug|Win32.Build.0 = Debug|Win32
		{47E2A683-B9F4-43B0-97D6-30A7EFB8EA77}.Release|Win32.ActiveCfg = Release|Win32
		{47E2A683-B9F4-43B0-97D6-30A7EFB8EA77}.Release|Win32.Build.0 = Release|Win32
		{21640975-3955-4364-AB10-4902A5937EBA}.Debug|Win32.ActiveCfg = Debug|Win32
		{21640975-3955-4364-AB10-4902A5937EBA}.Debug|Win32.Build.0 = Debug|Win32
		{21640975-3955-4364-AB10-4902A5937EBA}.Release|Win32.ActiveCfg = Release|Win32
		{21640975-3955-4364-AB10-4902A5937EBA}.Release|Win32.Build.0 = Release|Win32
		{EF66085D-EA5E-4498-9283-E2EE3E3188D3}.Debug|Win32.ActiveCfg = Debug|Win32
		{EF66085D-EA5E-4498-9283-E2EE3E3188D3}.Debug|Win32.Build.0 = Debug|Win32
		{EF66085D-EA5E-4498-9283-E2EE3E3188D3}.Release|Win32.ActiveCfg = Release|Win32
		{EF66085D-EA5E-4498-9283-E2EE3E3188D3}.Release|Win32.Build.0 = Release|Win32
		{EE445C1E-6F26-44F4-AFA6-1C3C6E508B3B}.Debug|Win32.ActiveCfg = Debug|Win32
		{EE445C1E-6F26-44F4-AFA6-1C3C6E508B3B}.Debug|Win32.Build.0 = Debug|Win32
		{EE445C1E-6F26-44F4-AFA6-1C3C6E508B3B}.Release|Win32.ActiveCfg = Release|Win32
		{EE445C1E-6F26-44F4-AFA6-1C3C6E508B3B}.Release|Win32.Build.0 = Release|Win32
		{3442C8B1-0F96-4006-B7DB-BF71902A8925}.Debug|Win32.ActiveCfg = Debug|Win32
		{3442C8B1-0F96-4006-B7DB-BF71902A8925}.Debug|Win32.Build.0 = Debug|Win32
		{3442C8B1-0F96-4006-B7DB-BF71902A8925}.Release|Win32.ActiveCfg = Release|Win32
		{3442C8B1-0F96-4006-B7DB-BF71902A8925}.Release|Win32.Build.0 = Release|Win32
		{F34A0E1B-E91F-401D-9A5A-30117ED84CA0}.Debug|Win32.ActiveCfg = Debug|Win32
		{F34A0E1B-E91F-401D-9A5A-30117ED84CA0}.Debug|Win32.Build.0 = Debug|Win32
		{F34A0E1B-E91F-401D-9A5A-30117ED84CA0}.Release|Win32.ActiveCfg = Release|Win32
		{F34A0E1B-E91F-401D-9A5A-30117ED84CA0}.Release|Win32.Build.0 = Release|Win32
		{9C0C0BB6-8C69-4B9F-85EF-68D1B44F5571}.Debug|Win32.ActiveCfg = Debug|Win32
		{9C0C0BB6-8C69-4B9F-85EF-68D1B44F5571}.Debug|Win32.Build.0 = Debug|Win32
		{9C0C0BB6-8C69-4B9F-85EF-68D1B44F5571}.Release|Win32.ActiveCfg = Release|Win32
		{9C0C0BB6-8C69-4B9F-85EF-68D1B44F5571}.Release|Win32.Build.0 = Release|Win32
		{C0328DED-35DB-4BE2-B1E7-A61BEA094BB0}.Debug|Win32.ActiveCfg = Debug|Win32
		{C0328DED-35DB-4BE2-B1E7-A61BEA094BB0}.Debug|Win32.Build.0 = Debug|Win32
		{C0328DED-35DB-4BE2-B1E7-A61BEA094BB0}.Release|Win32.ActiveCfg = Release|Win32
		{C0328DED-35DB-4BE2-B1E7-A61BEA094BB0}.Release|Win32.Build.0 = Release|Win32
		{CDA8376A-69D0-47A0-A902-F4C399BDDE4A}.Debug|Win32.ActiveCfg = Debug|Win32
		{CDA8376A-69D0-47A0-A902-F4C399BDDE4A}.Debug|Win32.Build.0 = Debug|Win32
		{CDA8376A-69D0-47A0-A902-F4C399BDDE4A}.Release|Win32.ActiveCfg = Release|Win32
		{CDA8376A-69D0-47A0-A902-F4C399BDDE4A}.Release|Win32.Build.0 = Release|Win32
		{E6AB5877-1F1D-41D8-A951-31ABA455E49C}.Debug|Win32.ActiveCfg = Debug|Win32
		{E6AB5877-1F1D-41D8-A951-31ABA455E49C}.Debug|Win32.Build.0 = Debug|Win32
		{E6AB5877-1F1D-41D8-A951-31ABA455E49C}.Release|Win32.ActiveCfg = Release|Win32
		{E6AB5877-1F1D-41D8-A951-31ABA455E49C}.Release|Win32.Build.0 = Release|Win32
		{EFA41719-5D4F-414F-BEA7-FDBB4832D0BF}.Debug|Win32.ActiveCfg = Debug|Win32
		{EFA41719-5D4F-414F-BEA7-FDBB4832D0BF}.Debug|Win32.Build.0 = Debug|Win32
		{EFA41719-5D4F-414F-BEA7-FDBB4832D0BF}.Release|Win32.ActiveCfg = Release|Win32
		{EFA41719-5D4F-414F-BEA7-FDBB4832D0BF}.Release|Win32.Build.0 = Release|Win32
		{FF52C76F-8536-4BDF-9628-4DC56D946872}.Debug|Win32.ActiveCfg = Debug|Win32
		{FF52C76F-8536-4BDF-9628-4DC56D946872}.Debug|Win32.Build.0 = Debug|Win32
		{FF52C76F-8536-4BDF-9628-4DC56D946872}.Release|Win32.ActiveCfg = Release|Win32
		{FF52C76F-8536-4BDF-9628-4DC56D946872}.Release|Win32.Build.0 = Release|Win32
		{A827085F-8043-4F3A-AE6A-A4313B60B2B8}.Debug|Win32.ActiveCfg = Debug|Win32
		{A827085F-8043-4F3A-AE6A-A4313B60B2B8}.Debug|Win32.Build.0 = Debug|Win32
		{A827085F-8043-4F3A-AE6A-A4313B60B2B8}.Release|Win32.ActiveCfg = Release|Win32
		{A827085F-8043-4F3A-AE6A-A4313B60B2B8}.Release|Win32.Build.0 = Release|Win32
		{9DD34C7B-1A03-4E3E-B9EB-E6E08A86B220}.Debug|Win32.ActiveCfg = Debug|Win32
		{9DD34C7B-1A03-4E3E-B9EB-E6E08A86B220}.Debug|Win32.Build.0 = Debug|Win32
		{9DD34C7B-1A03-4E3E-B9EB-E6E08A86B220}.Release|Win32.ActiveCfg = Release|Win32
		{9DD34C7B-1A03-4E3E-B9EB-E6E08A86B220}.Release|Win32.Build.0 = Release|Win32
		{FE4332B3-E1E4-4327-BC2E-520CE57D2ABF}.Debug|Win32.ActiveCfg = Debug|Win32
		{FE4332B3-E1E4-4327-BC2E-520CE57D2ABF}.Debug|Win32.Build.0 = Debug|Win32
		{FE4332B3-E1E4-4327-BC2E-520CE57D2ABF}.Release|Win32.ActiveCfg = Release|Win32
		{FE4332B3-E1E4-4327-BC2E-520CE57D2ABF}.Release|Win32.Build.0 = Release|Win32
		{94EC9A50-F03C-4CB4-9B4A-824A5353308A}.Debug|Win32.ActiveCfg = Debug|Win32
		{94EC9A50-F03C-4CB4-9B4A-824A5353308A}.Debug|Win32.Build.0 = Debug|Win32
		{94EC9A50-F03C-4CB4-9B4A-824A5353308A}.Release|Win32.ActiveCfg = Release|Win32
		{94EC9A50-F03C-4CB4-9B4A-824A5353308A}.Release|Win32.Build.0 = Release|Win32
		{20AA376C-C824-495C-B51C-15D2398DAB4C}.Debug|Win32.ActiveCfg = Debug|Win32
		{20AA376C-C824-495C-B51C-15D2398DAB4C}.Debug|Win32.Build.0 = Debug|Win32
		{20AA376C-C824-495C-B51C-15D2398DAB4C}.Release|Win32.ActiveCfg = Release|Win32
		{20AA376C-C824-495C-B51C-15D2398DAB4C}.Release|Win32.Build.0 = Release|Win32
		{087CE0E6-CF5D-4FE6-A3C5-FD1CB8BFD286}.Debug|Win32.ActiveCfg = Debug|Win32
		{087CE0E6-CF5D-4FE6-A3C5-FD1CB8BFD286}.Debug|Win32.Build.0 = Debug|Win32
		{087CE0E6-CF5D-4FE6-A3C5-FD1CB8BFD286}.Release|Win32.ActiveCfg = Release|Win32
		{087CE0E6-CF5D-4FE6-A3C5-FD1CB8BFD286}.Release|Win32.Build.0 = Release|Win32
		{280A755B-56BF-4D19-9C51-2B4A942EBCEC}.Debug|Win32.ActiveCfg = Debug|Win32
		{280A755B-56BF-4D19-9C51-2B4A942EBCEC}.Debug|Win32.Build.0 = Debug|Win32
		{280A755B-56BF-4D19-9C51-2B4A942EBCEC}.Release|Win32.ActiveCfg = Release|Win32
		{280A755B-56BF-4D19-9C51-2B4A942EBCEC}.Release|Win32.Build.0 = Release|Win32
		{4E0FC863-52C5-4446-B289-EDB92EB460B2}.Debug|Win32.ActiveCfg = Debug|Win32
		{4E0FC863-52C5-4446-B289-EDB92EB460B2}.Debug|Win32.Build.0 = Debug|Win32
		{4E0FC863-52C5-4446-B289-EDB92EB460B2}.Release|Win32.ActiveCfg = Release|Win32
		{4E0FC863-52C5-4446-B289-EDB92EB460B2}.Release|Win32.Build.0 = Release|Win32
		{FC0ADDA4-0DA7-43F1-974F-74D01ED4007D}.Debug|Win32.ActiveCfg = Debug|Win32
		{FC0ADDA4-0DA7-43F1-974F-74D01ED4007D}.Debug|Win32.Build.0 = Debug|Win32
		{FC0ADDA4-0DA7-43F1-974F-74D01ED4007D}.Release|Win32.ActiveCfg = Release|Win32
		{FC0ADDA4-0DA7-43F1-974F-74D01ED4007D}.Release|Win32.Build.0 = Release|Win32
		{16BD6720-6D41-4642-AB5F-D094182D2717}.Debug|Win32.ActiveCfg = Debug|Win32
		{16BD6720-6D41-4642-AB5F-D094182D2717}.Debug|Win32.Build.0 = Debug|Win32
		{16BD6720-6D41-4642-AB5F-D094182D2717}.Release|Win32.ActiveCfg = Release|Win32
		{16BD6720-6D41-4642-AB5F-D094182D2717}.Release|Win32.Build.0 = Release|Win32
		{F9CB3A45-461F-488C-9A16-2550DFAB821D}.Debug|Win32.ActiveCfg = Debug|Win32
		{F9CB3A45-461F-488C-9A16-2550DFAB821D}.Debug|Win32.Build.0 = Debug|Win32
		{F9CB3A45-461F-488C-9A16-2550DFAB821D}.Release|Win32.ActiveCfg = Release|Win32
		{F9CB3A45-461F-488C-9A16-2550DFAB821D}.Release|Win32.Build.0 = Release|Win32
		{701C6885-CBEF-410D-953C-C177E4E49E76}.Debug|Win32.ActiveCfg = Debug|Win32
		{701C6885-CBEF-410D-953C-C177E4E49E76}.Debug|Win32.Build.0 = Debug|Win32
		{701C6885-CBEF-410D-953C-C177E4E49E76}.Release|Win32.ActiveCfg = Release|Win32
		{701C6885-CBEF-410D-953C-C177E4E49E76}.Release|Win32.Build.0 = Release|Win32
		{DF9E9EAA-B1D4-4ED8-86F2-88C889FF8C47}.Debug|Win32.ActiveCfg = Debug|Win32
		{DF9E9EAA-B1D4-4ED8-86F2-88C889FF8C47}.Debug|Win32.Build.0 = Debug|Win32
		{DF9E9EAA-B1D4-4ED8-86F2-88C889FF8C47}.Release|Win32.ActiveCfg = Release|Win32
		{DF9E9EAA-B1D4-4ED8-86F2-88C889FF8C47}.Release|Win32.Build.0 = Release|Win32
		{E5D4832F-900B-4B44-A724-AAEFEE20D429}.Debug|Win32.ActiveCfg = Debug|Win32
		{E5D4832F-900B-4B44-A724-AAEFEE20D429}.Debug|Win32.Build.0 = Debug|Win32
		{E5D4832F-900B-4B44-A724-AAEFEE20D429}.Release|Win32.ActiveCfg = Release|Win32
		{E5D4832F-900B-4B44-A724-AAEFEE20D429}.Release|Win32.Build.0 = Release|Win32
		{F21D1CE5-AA31-4031-86A1-C9742508B31E}.Debug|Win32.ActiveCfg = Debug|Win32
		{F21D1CE5-AA31-4031-86A1-C9742508B31E}.Debug|Win32.Build.0 = Debug|Win32
		{F21D1CE5-AA31-4031-86A1-C9742508B31E}.Release|Win32.ActiveCfg = Release|Win32
		{F21D1CE5-AA31-4031-86A1-C9742508B31E}.Release|Win32.Build.0 = Release|Win32
		{7E60AC8C-C81F-457D-AA15-18902F884F82}.Debug|Win32.ActiveCfg = Debug|Win32
		{7E60AC8C-C81F-457D-AA15-18902F884F82}.Debug|Win32.Build.0 = Debug|Win32
		{7E60AC8C-C81F-457D-AA15-18902F884F82}.Release|Win32.ActiveCfg = Release|Win32
		{7E60AC8C-C81F-457D-AA15-18902F884F82}.Release|Win32.Build.0 = Release|Win32
		{82DC38AE-03D4-4A6C-8AF1-BA647EE2BCD4}.Debug|Win32.ActiveCfg = Debug|Win32
		{82DC38AE-03D4-4A6C-8AF1-BA647EE2BCD4}.Debug|Win32.Build.0 = Debug|Win32
		{82DC38AE-03D4-4A6C-8AF1-BA647EE2BCD4}.Release|Win32.ActiveCfg = Release|Win32
		{82DC38AE-03D4-4A6C-8AF1-BA647EE2BCD4}.Release|Win32.Build.0 = Release|Win32
		{5B347246-7C6D-4FC4-B4BF-85D80F90E9AF}.Debug|Win32.ActiveCfg = Debug|Win32
		{5B347246-7C6D-4FC4-B4BF-85D80F90E9AF}.Debug|Win32.Build.0 = Debug|Win32
		{5B347246-7C6D-4FC4-B4BF-85D80F90E9AF}.Release|Win32.ActiveCfg = Release|Win32
		{5B347246-7C6D-4FC4-B4BF-85D80F90E9AF}.Release|Win32.Build.0 = Release|Win32
		{A42A6259-2B1E-4B51-A426-127DFE29FA7C}.Debug|Win32.ActiveCfg = Debug|Win32
		{A42A6259-2B1E-4B51-A426-127DFE29FA7C}.Debug|Win32.Build.0 = Debug|Win32
		{A42A6259-2B1E-4B51-A426-127DFE29FA7C}.Release|Win32.ActiveCfg = Release|Win32
		{A42A6259-2B1E-4B51-A426-127DFE29FA7C}.Release|Win32.Build.0 = Release|Win32
		{D59B9565-9401-43BF-868F-F04CB09A16CF}.Debug|Win32.ActiveCfg = Debug|Win32
		{D59B9565-9401-43BF-868F-F04CB09A16CF}.Debug|Win32.Build.0 = Debug|Win32
		{D59B9565-9401-43BF-868F-F04CB09A16CF}.Release|Win32.ActiveCfg = Release|Win32
		{D59B9565-9401-43BF-868F-F04CB09A16CF}.Release|Win32.Build.0 = Release|Win32
		{1745A73F-8DF7-4521-957E-CF545492113F}.Debug|Win32.ActiveCfg = Debug|Win32
		{1745A73F-8DF7-4521-957E-CF545492113F}.Debug|Win32.Build.0 = Debug|Win32
		{1745A73F-8DF7-4521-957E-CF545492113F}.Release|Win32.ActiveCfg = Release|Win32
		{1745A73F-8DF7-4521-957E-CF545492113F}.Release|Win32.Build.0 = Release|Win32
		{FA4DDB69-B7A9-4607-8440-61CD42CFAD3A}.Debug|Win32.ActiveCfg = Debug|Win32
		{FA4DDB69-B7A9-4607-8440-61CD42CFAD3A}.Debug|Win32.Build.0 = Debug|Win32
		{FA4DDB69-B7A9-4607-8440-61CD42CFAD3A}.Release|Win32.ActiveCfg = Release|Win32
		{FA4DDB69-B7A9-4607-8440-61CD42CFAD3A}.Release|Win32.Build.0 = Release|Win32
		{3821CD55-4D09-4A34-A86A-F21B273CA69E}.Debug|Win32.ActiveCfg = Debug|Win32
		{3821CD55-4D09-4A34-A86A-F21B273CA69E}.Debug|Win32.Build.0 = Debug|Win32
		{3821CD55-4D09-4A34-A86A-F21B273CA69E}.Release|Win32.ActiveCfg = Release|Win32
		{3821CD55-4D09-4A34-A86A-F21B273CA69E}.Release|Win32.Build.0 = Release|Win32
		{7974067C-8567-43CC-92BA-2FF97238C0CA}.Debug|Win32.ActiveCfg = Debug|Win32
		{7974067C-8567-43CC-92BA-2FF97238C0CA}.Debug|Win32.Build.0 = Debug|Win32
		{7974067C-8567-43CC-92BA-2FF97238C0CA}.Release|Win32.ActiveCfg = Release|Win32
		{7974067C-8567-43CC-92BA-2FF97238C0CA}.Release|Win32.Build.0 = Release|Win32
		{A0263D3F-268A-4DEB-A754-1E5EE835F087}.Debug|Win32.ActiveCfg = Debug|Win32
		{A0263D3F-268A-4DEB-A754-1E5EE835F087}.Debug|Win32.Build.0 = Debug|Win32
		{A0263D3F-268A-4DEB-A754-1E5EE835F087}.Release|Win32.ActiveCfg = Release|Win32
		{A0263D3F-268A-4DEB-A754-1E5EE835F087}.Release|Win32.Build.0 = Release|Win32
		{4F4CA388-5CBA-4937-8AFA-51BB22677DB6}.Debug|Win32.ActiveCfg = Debug|Win32
		{4F4CA388-5CBA-4937-8AFA-51BB22677DB6}.Debug|Win32.Build.0 = Debug|Win32
		{4F4CA388-5CBA-4937-8AFA-51BB22677DB6}.Release|Win32.ActiveCfg = Release|Win32
		{4F4CA388-5CBA-4937-8AFA-51BB22677DB6}.Release|Win32.Build.0 = Release|Win32
		{F11A45E0-F20D-48B2-8AA0-1593EA4336C6}.Debug|Win32.ActiveCfg = Debug|Win32
		{F11A45E0-F20D-48B2-8AA0-1593EA4336C6}.Debug|Win32.Build.0 = Debug|Win32
		{F11A45E0-F20D-48B2-8AA0-1593EA4336C6}.Release|Win32.ActiveCfg = Release|Win32
		{F11A45E0-F20D-48B2-8AA0-1593EA4336C6}.Release|Win32.Build.0 = Release|Win32
	EndGlobalSection
	GlobalSection(SolutionProperties) = preSolution
		HideSolutionNode = FALSE
	EndGlobalSection
EndGlobal
