
Microsoft Visual Studio Solution File, Format Version 11.00
# Visual Studio 2010
Project("{8BC9CEB8-8B4A-11D0-8D11-00A0C91BC942}") = "순환_팩토리얼", "순환_팩토리얼\순환_팩토리얼.vcxproj", "{4F5BD824-2E84-4B15-B78C-29298BF3C566}"
EndProject
Project("{8BC9CEB8-8B4A-11D0-8D11-00A0C91BC942}") = "순환_피보나치", "순환_피보나치\순환_피보나치.vcxproj", "{073638E1-BA4C-4A90-80BC-9428EEC70645}"
EndProject
Project("{8BC9CEB8-8B4A-11D0-8D11-00A0C91BC942}") = "순환_하노이탑", "순환_하노이탑\순환_하노이탑.vcxproj", "{C8311388-8F52-4C6F-8AF9-C72264B7BC9E}"
EndProject
Project("{8BC9CEB8-8B4A-11D0-8D11-00A0C91BC942}") = "순환_이진수", "순환_이진수\순환_이진수.vcxproj", "{AAC06F0B-A7A3-4E73-8E4C-09AC88035841}"
EndProject
Project("{8BC9CEB8-8B4A-11D0-8D11-00A0C91BC942}") = "순환_H함수", "순환_H함수\순환_H함수.vcxproj", "{C5894292-70F0-484C-B7F1-E895427D242D}"
EndProject
Project("{8BC9CEB8-8B4A-11D0-8D11-00A0C91BC942}") = "순환_스크린트리", "순환_스크린트리\순환_스크린트리.vcxproj", "{95988B20-68EB-4570-A40C-59D10333A1B0}"
EndProject
Project("{8BC9CEB8-8B4A-11D0-8D11-00A0C91BC942}") = "순환_미로방문", "순환_미로방문\순환_미로방문.vcxproj", "{77FE7302-44D9-45D8-8ED3-43D76FD78BFF}"
EndProject
Project("{8BC9CEB8-8B4A-11D0-8D11-00A0C91BC942}") = "순환_최댓값찾기", "순환_최댓값찾기\순환_최댓값찾기.vcxproj", "{F9887DEB-1CE6-42F6-B437-168DEA3A23C3}"
EndProject
Project("{8BC9CEB8-8B4A-11D0-8D11-00A0C91BC942}") = "순환_조합", "순환_조합\순환_조합.vcxproj", "{016493BE-6002-4FAD-8043-030A617CE57D}"
EndProject
Project("{8BC9CEB8-8B4A-11D0-8D11-00A0C91BC942}") = "순환_중복조합", "순환_중복조합\순환_중복조합.vcxproj", "{ADF52290-1879-4851-BDF4-34509BACC334}"
EndProject
Project("{8BC9CEB8-8B4A-11D0-8D11-00A0C91BC942}") = "순환_중복순열", "순환_중복순열\순환_중복순열.vcxproj", "{4DE17639-14C1-446B-98FA-08C160885D62}"
EndProject
Project("{8BC9CEB8-8B4A-11D0-8D11-00A0C91BC942}") = "순환_순열", "순환_순열\순환_순열.vcxproj", "{7038E20C-A8D8-4F62-94EF-2613071B45D9}"
EndProject
Project("{8BC9CEB8-8B4A-11D0-8D11-00A0C91BC942}") = "뽑기_공뽑기", "뽑기_공뽑기\뽑기_공뽑기.vcxproj", "{E2396298-C22A-4921-93B4-E37AA10C5B53}"
EndProject
Project("{8BC9CEB8-8B4A-11D0-8D11-00A0C91BC942}") = "뽑기_인기상", "뽑기_인기상\뽑기_인기상.vcxproj", "{028FC6BF-8A13-4F63-95E4-57905D383E18}"
EndProject
Project("{8BC9CEB8-8B4A-11D0-8D11-00A0C91BC942}") = "뽑기_연기상", "뽑기_연기상\뽑기_연기상.vcxproj", "{9ED4ACA2-2642-47DE-8194-27EB97AD33FD}"
EndProject
Project("{8BC9CEB8-8B4A-11D0-8D11-00A0C91BC942}") = "정렬_선택정렬", "정렬_선택정렬\정렬_선택정렬.vcxproj", "{29920CCC-D471-44C9-AC1C-DAD483212CEA}"
EndProject
Project("{8BC9CEB8-8B4A-11D0-8D11-00A0C91BC942}") = "정렬_버블정렬", "정렬_버블정렬\정렬_버블정렬.vcxproj", "{435C8BC1-AD37-45A7-AE07-8058864902A0}"
EndProject
Project("{8BC9CEB8-8B4A-11D0-8D11-00A0C91BC942}") = "구조체_선택정렬", "구조체_선택정렬\구조체_선택정렬.vcxproj", "{A038C6B4-CF3B-4D4B-8FA4-CEC2B14FEFEF}"
EndProject
Project("{8BC9CEB8-8B4A-11D0-8D11-00A0C91BC942}") = "정렬_삽입정렬", "정렬_삽입정렬\정렬_삽입정렬.vcxproj", "{3FC0D16C-6A5F-4134-849B-321CCDE84EBE}"
EndProject
Project("{8BC9CEB8-8B4A-11D0-8D11-00A0C91BC942}") = "정렬_합병정렬", "정렬_합병정렬\정렬_합병정렬.vcxproj", "{14A71EBE-F9A0-4B93-B866-3EC9A387A987}"
EndProject
Project("{8BC9CEB8-8B4A-11D0-8D11-00A0C91BC942}") = "정렬_퀵정렬", "정렬_퀵정렬\정렬_퀵정렬.vcxproj", "{24AA198B-49BF-4C58-8D77-B57ED0A3A390}"
EndProject
Project("{8BC9CEB8-8B4A-11D0-8D11-00A0C91BC942}") = "순환_몇번째 작은 수", "순환_몇번째 작은 수\순환_몇번째 작은 수.vcxproj", "{5912805E-64A3-4324-B28C-E0E511B4A6C9}"
EndProject
Project("{8BC9CEB8-8B4A-11D0-8D11-00A0C91BC942}") = "순환_세뱃돈", "순환_세뱃돈\순환_세뱃돈.vcxproj", "{026E22A7-A4F8-4008-A200-F74172B0D8B4}"
EndProject
Project("{8BC9CEB8-8B4A-11D0-8D11-00A0C91BC942}") = "순환_수식나열", "순환_수식나열\순환_수식나열.vcxproj", "{1FEF45D8-B429-47CA-B99E-4D9540C2711A}"
EndProject
Project("{8BC9CEB8-8B4A-11D0-8D11-00A0C91BC942}") = "구조체_버블정렬", "구조체_버블정렬\구조체_버블정렬.vcxproj", "{9ED624AE-61A6-40C0-8DC6-8AE0879341B9}"
EndProject
Project("{8BC9CEB8-8B4A-11D0-8D11-00A0C91BC942}") = "구조체_퀵정렬", "구조체_퀵정렬\구조체_퀵정렬.vcxproj", "{FC5F2F6D-6DD0-44CE-B35D-F71B22B9111E}"
EndProject
Global
	GlobalSection(SolutionConfigurationPlatforms) = preSolution
		Debug|Win32 = Debug|Win32
		Release|Win32 = Release|Win32
	EndGlobalSection
	GlobalSection(ProjectConfigurationPlatforms) = postSolution
		{4F5BD824-2E84-4B15-B78C-29298BF3C566}.Debug|Win32.ActiveCfg = Debug|Win32
		{4F5BD824-2E84-4B15-B78C-29298BF3C566}.Debug|Win32.Build.0 = Debug|Win32
		{4F5BD824-2E84-4B15-B78C-29298BF3C566}.Release|Win32.ActiveCfg = Release|Win32
		{4F5BD824-2E84-4B15-B78C-29298BF3C566}.Release|Win32.Build.0 = Release|Win32
		{073638E1-BA4C-4A90-80BC-9428EEC70645}.Debug|Win32.ActiveCfg = Debug|Win32
		{073638E1-BA4C-4A90-80BC-9428EEC70645}.Debug|Win32.Build.0 = Debug|Win32
		{073638E1-BA4C-4A90-80BC-9428EEC70645}.Release|Win32.ActiveCfg = Release|Win32
		{073638E1-BA4C-4A90-80BC-9428EEC70645}.Release|Win32.Build.0 = Release|Win32
		{C8311388-8F52-4C6F-8AF9-C72264B7BC9E}.Debug|Win32.ActiveCfg = Debug|Win32
		{C8311388-8F52-4C6F-8AF9-C72264B7BC9E}.Debug|Win32.Build.0 = Debug|Win32
		{C8311388-8F52-4C6F-8AF9-C72264B7BC9E}.Release|Win32.ActiveCfg = Release|Win32
		{C8311388-8F52-4C6F-8AF9-C72264B7BC9E}.Release|Win32.Build.0 = Release|Win32
		{AAC06F0B-A7A3-4E73-8E4C-09AC88035841}.Debug|Win32.ActiveCfg = Debug|Win32
		{AAC06F0B-A7A3-4E73-8E4C-09AC88035841}.Debug|Win32.Build.0 = Debug|Win32
		{AAC06F0B-A7A3-4E73-8E4C-09AC88035841}.Release|Win32.ActiveCfg = Release|Win32
		{AAC06F0B-A7A3-4E73-8E4C-09AC88035841}.Release|Win32.Build.0 = Release|Win32
		{C5894292-70F0-484C-B7F1-E895427D242D}.Debug|Win32.ActiveCfg = Debug|Win32
		{C5894292-70F0-484C-B7F1-E895427D242D}.Debug|Win32.Build.0 = Debug|Win32
		{C5894292-70F0-484C-B7F1-E895427D242D}.Release|Win32.ActiveCfg = Release|Win32
		{C5894292-70F0-484C-B7F1-E895427D242D}.Release|Win32.Build.0 = Release|Win32
		{95988B20-68EB-4570-A40C-59D10333A1B0}.Debug|Win32.ActiveCfg = Debug|Win32
		{95988B20-68EB-4570-A40C-59D10333A1B0}.Debug|Win32.Build.0 = Debug|Win32
		{95988B20-68EB-4570-A40C-59D10333A1B0}.Release|Win32.ActiveCfg = Release|Win32
		{95988B20-68EB-4570-A40C-59D10333A1B0}.Release|Win32.Build.0 = Release|Win32
		{77FE7302-44D9-45D8-8ED3-43D76FD78BFF}.Debug|Win32.ActiveCfg = Debug|Win32
		{77FE7302-44D9-45D8-8ED3-43D76FD78BFF}.Debug|Win32.Build.0 = Debug|Win32
		{77FE7302-44D9-45D8-8ED3-43D76FD78BFF}.Release|Win32.ActiveCfg = Release|Win32
		{77FE7302-44D9-45D8-8ED3-43D76FD78BFF}.Release|Win32.Build.0 = Release|Win32
		{F9887DEB-1CE6-42F6-B437-168DEA3A23C3}.Debug|Win32.ActiveCfg = Debug|Win32
		{F9887DEB-1CE6-42F6-B437-168DEA3A23C3}.Debug|Win32.Build.0 = Debug|Win32
		{F9887DEB-1CE6-42F6-B437-168DEA3A23C3}.Release|Win32.ActiveCfg = Release|Win32
		{F9887DEB-1CE6-42F6-B437-168DEA3A23C3}.Release|Win32.Build.0 = Release|Win32
		{016493BE-6002-4FAD-8043-030A617CE57D}.Debug|Win32.ActiveCfg = Debug|Win32
		{016493BE-6002-4FAD-8043-030A617CE57D}.Debug|Win32.Build.0 = Debug|Win32
		{016493BE-6002-4FAD-8043-030A617CE57D}.Release|Win32.ActiveCfg = Release|Win32
		{016493BE-6002-4FAD-8043-030A617CE57D}.Release|Win32.Build.0 = Release|Win32
		{ADF52290-1879-4851-BDF4-34509BACC334}.Debug|Win32.ActiveCfg = Debug|Win32
		{ADF52290-1879-4851-BDF4-34509BACC334}.Debug|Win32.Build.0 = Debug|Win32
		{ADF52290-1879-4851-BDF4-34509BACC334}.Release|Win32.ActiveCfg = Release|Win32
		{ADF52290-1879-4851-BDF4-34509BACC334}.Release|Win32.Build.0 = Release|Win32
		{4DE17639-14C1-446B-98FA-08C160885D62}.Debug|Win32.ActiveCfg = Debug|Win32
		{4DE17639-14C1-446B-98FA-08C160885D62}.Debug|Win32.Build.0 = Debug|Win32
		{4DE17639-14C1-446B-98FA-08C160885D62}.Release|Win32.ActiveCfg = Release|Win32
		{4DE17639-14C1-446B-98FA-08C160885D62}.Release|Win32.Build.0 = Release|Win32
		{7038E20C-A8D8-4F62-94EF-2613071B45D9}.Debug|Win32.ActiveCfg = Debug|Win32
		{7038E20C-A8D8-4F62-94EF-2613071B45D9}.Debug|Win32.Build.0 = Debug|Win32
		{7038E20C-A8D8-4F62-94EF-2613071B45D9}.Release|Win32.ActiveCfg = Release|Win32
		{7038E20C-A8D8-4F62-94EF-2613071B45D9}.Release|Win32.Build.0 = Release|Win32
		{E2396298-C22A-4921-93B4-E37AA10C5B53}.Debug|Win32.ActiveCfg = Debug|Win32
		{E2396298-C22A-4921-93B4-E37AA10C5B53}.Debug|Win32.Build.0 = Debug|Win32
		{E2396298-C22A-4921-93B4-E37AA10C5B53}.Release|Win32.ActiveCfg = Release|Win32
		{E2396298-C22A-4921-93B4-E37AA10C5B53}.Release|Win32.Build.0 = Release|Win32
		{028FC6BF-8A13-4F63-95E4-57905D383E18}.Debug|Win32.ActiveCfg = Debug|Win32
		{028FC6BF-8A13-4F63-95E4-57905D383E18}.Debug|Win32.Build.0 = Debug|Win32
		{028FC6BF-8A13-4F63-95E4-57905D383E18}.Release|Win32.ActiveCfg = Release|Win32
		{028FC6BF-8A13-4F63-95E4-57905D383E18}.Release|Win32.Build.0 = Release|Win32
		{9ED4ACA2-2642-47DE-8194-27EB97AD33FD}.Debug|Win32.ActiveCfg = Debug|Win32
		{9ED4ACA2-2642-47DE-8194-27EB97AD33FD}.Debug|Win32.Build.0 = Debug|Win32
		{9ED4ACA2-2642-47DE-8194-27EB97AD33FD}.Release|Win32.ActiveCfg = Release|Win32
		{9ED4ACA2-2642-47DE-8194-27EB97AD33FD}.Release|Win32.Build.0 = Release|Win32
		{29920CCC-D471-44C9-AC1C-DAD483212CEA}.Debug|Win32.ActiveCfg = Debug|Win32
		{29920CCC-D471-44C9-AC1C-DAD483212CEA}.Debug|Win32.Build.0 = Debug|Win32
		{29920CCC-D471-44C9-AC1C-DAD483212CEA}.Release|Win32.ActiveCfg = Release|Win32
		{29920CCC-D471-44C9-AC1C-DAD483212CEA}.Release|Win32.Build.0 = Release|Win32
		{435C8BC1-AD37-45A7-AE07-8058864902A0}.Debug|Win32.ActiveCfg = Debug|Win32
		{435C8BC1-AD37-45A7-AE07-8058864902A0}.Debug|Win32.Build.0 = Debug|Win32
		{435C8BC1-AD37-45A7-AE07-8058864902A0}.Release|Win32.ActiveCfg = Release|Win32
		{435C8BC1-AD37-45A7-AE07-8058864902A0}.Release|Win32.Build.0 = Release|Win32
		{A038C6B4-CF3B-4D4B-8FA4-CEC2B14FEFEF}.Debug|Win32.ActiveCfg = Debug|Win32
		{A038C6B4-CF3B-4D4B-8FA4-CEC2B14FEFEF}.Debug|Win32.Build.0 = Debug|Win32
		{A038C6B4-CF3B-4D4B-8FA4-CEC2B14FEFEF}.Release|Win32.ActiveCfg = Release|Win32
		{A038C6B4-CF3B-4D4B-8FA4-CEC2B14FEFEF}.Release|Win32.Build.0 = Release|Win32
		{3FC0D16C-6A5F-4134-849B-321CCDE84EBE}.Debug|Win32.ActiveCfg = Debug|Win32
		{3FC0D16C-6A5F-4134-849B-321CCDE84EBE}.Debug|Win32.Build.0 = Debug|Win32
		{3FC0D16C-6A5F-4134-849B-321CCDE84EBE}.Release|Win32.ActiveCfg = Release|Win32
		{3FC0D16C-6A5F-4134-849B-321CCDE84EBE}.Release|Win32.Build.0 = Release|Win32
		{14A71EBE-F9A0-4B93-B866-3EC9A387A987}.Debug|Win32.ActiveCfg = Debug|Win32
		{14A71EBE-F9A0-4B93-B866-3EC9A387A987}.Debug|Win32.Build.0 = Debug|Win32
		{14A71EBE-F9A0-4B93-B866-3EC9A387A987}.Release|Win32.ActiveCfg = Release|Win32
		{14A71EBE-F9A0-4B93-B866-3EC9A387A987}.Release|Win32.Build.0 = Release|Win32
		{24AA198B-49BF-4C58-8D77-B57ED0A3A390}.Debug|Win32.ActiveCfg = Debug|Win32
		{24AA198B-49BF-4C58-8D77-B57ED0A3A390}.Debug|Win32.Build.0 = Debug|Win32
		{24AA198B-49BF-4C58-8D77-B57ED0A3A390}.Release|Win32.ActiveCfg = Release|Win32
		{24AA198B-49BF-4C58-8D77-B57ED0A3A390}.Release|Win32.Build.0 = Release|Win32
		{5912805E-64A3-4324-B28C-E0E511B4A6C9}.Debug|Win32.ActiveCfg = Debug|Win32
		{5912805E-64A3-4324-B28C-E0E511B4A6C9}.Debug|Win32.Build.0 = Debug|Win32
		{5912805E-64A3-4324-B28C-E0E511B4A6C9}.Release|Win32.ActiveCfg = Release|Win32
		{5912805E-64A3-4324-B28C-E0E511B4A6C9}.Release|Win32.Build.0 = Release|Win32
		{026E22A7-A4F8-4008-A200-F74172B0D8B4}.Debug|Win32.ActiveCfg = Debug|Win32
		{026E22A7-A4F8-4008-A200-F74172B0D8B4}.Debug|Win32.Build.0 = Debug|Win32
		{026E22A7-A4F8-4008-A200-F74172B0D8B4}.Release|Win32.ActiveCfg = Release|Win32
		{026E22A7-A4F8-4008-A200-F74172B0D8B4}.Release|Win32.Build.0 = Release|Win32
		{1FEF45D8-B429-47CA-B99E-4D9540C2711A}.Debug|Win32.ActiveCfg = Debug|Win32
		{1FEF45D8-B429-47CA-B99E-4D9540C2711A}.Debug|Win32.Build.0 = Debug|Win32
		{1FEF45D8-B429-47CA-B99E-4D9540C2711A}.Release|Win32.ActiveCfg = Release|Win32
		{1FEF45D8-B429-47CA-B99E-4D9540C2711A}.Release|Win32.Build.0 = Release|Win32
		{9ED624AE-61A6-40C0-8DC6-8AE0879341B9}.Debug|Win32.ActiveCfg = Debug|Win32
		{9ED624AE-61A6-40C0-8DC6-8AE0879341B9}.Debug|Win32.Build.0 = Debug|Win32
		{9ED624AE-61A6-40C0-8DC6-8AE0879341B9}.Release|Win32.ActiveCfg = Release|Win32
		{9ED624AE-61A6-40C0-8DC6-8AE0879341B9}.Release|Win32.Build.0 = Release|Win32
		{FC5F2F6D-6DD0-44CE-B35D-F71B22B9111E}.Debug|Win32.ActiveCfg = Debug|Win32
		{FC5F2F6D-6DD0-44CE-B35D-F71B22B9111E}.Debug|Win32.Build.0 = Debug|Win32
		{FC5F2F6D-6DD0-44CE-B35D-F71B22B9111E}.Release|Win32.ActiveCfg = Release|Win32
		{FC5F2F6D-6DD0-44CE-B35D-F71B22B9111E}.Release|Win32.Build.0 = Release|Win32
	EndGlobalSection
	GlobalSection(SolutionProperties) = preSolution
		HideSolutionNode = FALSE
	EndGlobalSection
EndGlobal
